
Microsoft Visual Studio Solution File, Format Version 12.00
# Visual Studio 15
Project("{FAE04EC0-301F-11D3-BF4B-00C04F79EFBC}") = "Assembly-CSharp", "Assembly-CSharp.csproj", "{84EC2F64-C752-CCDA-457A-53CEEB30FD42}"
EndProject
Project("{FAE04EC0-301F-11D3-BF4B-00C04F79EFBC}") = "PathCreator", "PathCreator.csproj", "{06B445A7-8B64-595C-29A1-8F1713DDA6A0}"
EndProject
Project("{FAE04EC0-301F-11D3-BF4B-00C04F79EFBC}") = "PathCreatorEditor", "PathCreatorEditor.csproj", "{96D8A1A7-3D43-3371-085E-EDD491C37F16}"
EndProject
Project("{FAE04EC0-301F-11D3-BF4B-00C04F79EFBC}") = "Assembly-CSharp-Editor", "Assembly-CSharp-Editor.csproj", "{E08E2766-9389-CE65-5C24-B5587E7AF01F}"
EndProject
Global
	GlobalSection(SolutionConfigurationPlatforms) = preSolution
		Debug|Any CPU = Debug|Any CPU
		Release|Any CPU = Release|Any CPU
	EndGlobalSection
	GlobalSection(ProjectConfigurationPlatforms) = postSolution
		{84EC2F64-C752-CCDA-457A-53CEEB30FD42}.Debug|Any CPU.ActiveCfg = Debug|Any CPU
		{84EC2F64-C752-CCDA-457A-53CEEB30FD42}.Debug|Any CPU.Build.0 = Debug|Any CPU
		{84EC2F64-C752-CCDA-457A-53CEEB30FD42}.Release|Any CPU.ActiveCfg = Release|Any CPU
		{84EC2F64-C752-CCDA-457A-53CEEB30FD42}.Release|Any CPU.Build.0 = Release|Any CPU
		{06B445A7-8B64-595C-29A1-8F1713DDA6A0}.Debug|Any CPU.ActiveCfg = Debug|Any CPU
		{06B445A7-8B64-595C-29A1-8F1713DDA6A0}.Debug|Any CPU.Build.0 = Debug|Any CPU
		{06B445A7-8B64-595C-29A1-8F1713DDA6A0}.Release|Any CPU.ActiveCfg = Release|Any CPU
		{06B445A7-8B64-595C-29A1-8F1713DDA6A0}.Release|Any CPU.Build.0 = Release|Any CPU
		{96D8A1A7-3D43-3371-085E-EDD491C37F16}.Debug|Any CPU.ActiveCfg = Debug|Any CPU
		{96D8A1A7-3D43-3371-085E-EDD491C37F16}.Debug|Any CPU.Build.0 = Debug|Any CPU
		{96D8A1A7-3D43-3371-085E-EDD491C37F16}.Release|Any CPU.ActiveCfg = Release|Any CPU
		{96D8A1A7-3D43-3371-085E-EDD491C37F16}.Release|Any CPU.Build.0 = Release|Any CPU
		{E08E2766-9389-CE65-5C24-B5587E7AF01F}.Debug|Any CPU.ActiveCfg = Debug|Any CPU
		{E08E2766-9389-CE65-5C24-B5587E7AF01F}.Debug|Any CPU.Build.0 = Debug|Any CPU
		{E08E2766-9389-CE65-5C24-B5587E7AF01F}.Release|Any CPU.ActiveCfg = Release|Any CPU
		{E08E2766-9389-CE65-5C24-B5587E7AF01F}.Release|Any CPU.Build.0 = Release|Any CPU
	EndGlobalSection
	GlobalSection(SolutionProperties) = preSolution
		HideSolutionNode = FALSE
	EndGlobalSection
EndGlobal
